// !$*UTF8*$!
{
	archiveVersion = 1;
	classes = {
	};
	objectVersion = 50;
	objects = {

/* Begin PBXBuildFile section */
		0765A788212FB9D8002B739C /* MovieDetailContract.swift in Sources */ = {isa = PBXBuildFile; fileRef = 0765A787212FB9D8002B739C /* MovieDetailContract.swift */; };
		0765A78A212FB9E8002B739C /* CategoryContract.swift in Sources */ = {isa = PBXBuildFile; fileRef = 0765A789212FB9E8002B739C /* CategoryContract.swift */; };
		0787F5D6212EA25C00C1926E /* Utility.swift in Sources */ = {isa = PBXBuildFile; fileRef = 0787F5D5212EA25C00C1926E /* Utility.swift */; };
		07DD966C212DB14C00206642 /* MovieCategory.swift in Sources */ = {isa = PBXBuildFile; fileRef = 07DD966B212DB14C00206642 /* MovieCategory.swift */; };
		07DD9671212DB1E400206642 /* CategoryCell.swift in Sources */ = {isa = PBXBuildFile; fileRef = 07DD966E212DB1E400206642 /* CategoryCell.swift */; };
		07DD9672212DB1E400206642 /* CategoryViewController.swift in Sources */ = {isa = PBXBuildFile; fileRef = 07DD966F212DB1E400206642 /* CategoryViewController.swift */; };
		07DD9673212DB1E400206642 /* CategoryPresenter.swift in Sources */ = {isa = PBXBuildFile; fileRef = 07DD9670212DB1E400206642 /* CategoryPresenter.swift */; };
		07DD9679212DB21F00206642 /* MovieDetailPresenter.swift in Sources */ = {isa = PBXBuildFile; fileRef = 07DD9675212DB21F00206642 /* MovieDetailPresenter.swift */; };
		07DD967A212DB21F00206642 /* MovieDetailViewController.xib in Resources */ = {isa = PBXBuildFile; fileRef = 07DD9676212DB21F00206642 /* MovieDetailViewController.xib */; };
		07DD967B212DB21F00206642 /* CastCell.swift in Sources */ = {isa = PBXBuildFile; fileRef = 07DD9677212DB21F00206642 /* CastCell.swift */; };
		07DD967C212DB21F00206642 /* MovieDetailViewController.swift in Sources */ = {isa = PBXBuildFile; fileRef = 07DD9678212DB21F00206642 /* MovieDetailViewController.swift */; };
		07DD9680212DB24200206642 /* MovieItem.swift in Sources */ = {isa = PBXBuildFile; fileRef = 07DD967E212DB24200206642 /* MovieItem.swift */; };
		07DD9681212DB24200206642 /* MovieItem.xib in Resources */ = {isa = PBXBuildFile; fileRef = 07DD967F212DB24200206642 /* MovieItem.xib */; };
		07DD9685212DB25D00206642 /* PersonItem.swift in Sources */ = {isa = PBXBuildFile; fileRef = 07DD9683212DB25D00206642 /* PersonItem.swift */; };
		07DD9686212DB25D00206642 /* PersonItem.xib in Resources */ = {isa = PBXBuildFile; fileRef = 07DD9684212DB25D00206642 /* PersonItem.xib */; };
		07DD968A212DB27900206642 /* LaunchScreen.storyboard in Resources */ = {isa = PBXBuildFile; fileRef = 07DD9688212DB27900206642 /* LaunchScreen.storyboard */; };
		07DD968B212DB27900206642 /* Main.storyboard in Resources */ = {isa = PBXBuildFile; fileRef = 07DD9689212DB27900206642 /* Main.storyboard */; };
		07DD968F212DB2BC00206642 /* UIViewExtension.swift in Sources */ = {isa = PBXBuildFile; fileRef = 07DD968D212DB2BC00206642 /* UIViewExtension.swift */; };
		07DD9690212DB2BC00206642 /* UIImageViewExtension.swift in Sources */ = {isa = PBXBuildFile; fileRef = 07DD968E212DB2BC00206642 /* UIImageViewExtension.swift */; };
		07DD9692212DB34700206642 /* CaseIterable.swift in Sources */ = {isa = PBXBuildFile; fileRef = 07DD9691212DB34700206642 /* CaseIterable.swift */; };
		323324EE21227F8100524F62 /* MovieCreditsResponse.swift in Sources */ = {isa = PBXBuildFile; fileRef = 323324ED21227F8100524F62 /* MovieCreditsResponse.swift */; };
		323324F2212285F600524F62 /* MoviesOfPersonResponse.swift in Sources */ = {isa = PBXBuildFile; fileRef = 323324F1212285F600524F62 /* MoviesOfPersonResponse.swift */; };
		3276AD92211E808000D3D843 /* AppDelegate.swift in Sources */ = {isa = PBXBuildFile; fileRef = 3276AD91211E808000D3D843 /* AppDelegate.swift */; };
		3276AD99211E808200D3D843 /* Assets.xcassets in Resources */ = {isa = PBXBuildFile; fileRef = 3276AD98211E808200D3D843 /* Assets.xcassets */; };
		3276ADB0211EBBEB00D3D843 /* Person.swift in Sources */ = {isa = PBXBuildFile; fileRef = 3276ADAF211EBBEB00D3D843 /* Person.swift */; };
		3276ADB2211ECA3400D3D843 /* Movie.swift in Sources */ = {isa = PBXBuildFile; fileRef = 3276ADB1211ECA3400D3D843 /* Movie.swift */; };
		328901062122E5C80074525F /* Service.swift in Sources */ = {isa = PBXBuildFile; fileRef = 328901052122E5C80074525F /* Service.swift */; };
		328901082122E6EC0074525F /* RequestMovieDB.swift in Sources */ = {isa = PBXBuildFile; fileRef = 328901072122E6EC0074525F /* RequestMovieDB.swift */; };
		328F0BD0212263E500BFFC21 /* BaseResponse.swift in Sources */ = {isa = PBXBuildFile; fileRef = 328F0BCF212263E500BFFC21 /* BaseResponse.swift */; };
		328F0BD2212264B300BFFC21 /* SearchPersonResponse.swift in Sources */ = {isa = PBXBuildFile; fileRef = 328F0BD1212264B300BFFC21 /* SearchPersonResponse.swift */; };
		328F0BD42122791C00BFFC21 /* MoviesResponse.swift in Sources */ = {isa = PBXBuildFile; fileRef = 328F0BD32122791C00BFFC21 /* MoviesResponse.swift */; };
		32A8B8F52124189F007A8431 /* RemoteRepository.swift in Sources */ = {isa = PBXBuildFile; fileRef = 32A8B8F42124189F007A8431 /* RemoteRepository.swift */; };
		76F15ECB45FE9C20779D5E37 /* Pods_MovieDB_IOS.framework in Frameworks */ = {isa = PBXBuildFile; fileRef = 4E2BD38E836C3AC53C55FCF7 /* Pods_MovieDB_IOS.framework */; };
/* End PBXBuildFile section */

/* Begin PBXFileReference section */
		0765A787212FB9D8002B739C /* MovieDetailContract.swift */ = {isa = PBXFileReference; fileEncoding = 4; lastKnownFileType = sourcecode.swift; name = MovieDetailContract.swift; path = MovieDB_IOS/Scenes/MovieDetailViewController/MovieDetailContract.swift; sourceTree = SOURCE_ROOT; };
		0765A789212FB9E8002B739C /* CategoryContract.swift */ = {isa = PBXFileReference; fileEncoding = 4; lastKnownFileType = sourcecode.swift; name = CategoryContract.swift; path = MovieDB_IOS/Scenes/CategoryViewController/CategoryContract.swift; sourceTree = SOURCE_ROOT; };
		0787F5D5212EA25C00C1926E /* Utility.swift */ = {isa = PBXFileReference; lastKnownFileType = sourcecode.swift; path = Utility.swift; sourceTree = "<group>"; };
		07DD966B212DB14C00206642 /* MovieCategory.swift */ = {isa = PBXFileReference; fileEncoding = 4; lastKnownFileType = sourcecode.swift; path = MovieCategory.swift; sourceTree = "<group>"; };
		07DD966E212DB1E400206642 /* CategoryCell.swift */ = {isa = PBXFileReference; fileEncoding = 4; lastKnownFileType = sourcecode.swift; name = CategoryCell.swift; path = MovieDB_IOS/Scenes/CategoryViewController/CategoryCell.swift; sourceTree = SOURCE_ROOT; };
		07DD966F212DB1E400206642 /* CategoryViewController.swift */ = {isa = PBXFileReference; fileEncoding = 4; lastKnownFileType = sourcecode.swift; name = CategoryViewController.swift; path = MovieDB_IOS/Scenes/CategoryViewController/CategoryViewController.swift; sourceTree = SOURCE_ROOT; };
		07DD9670212DB1E400206642 /* CategoryPresenter.swift */ = {isa = PBXFileReference; fileEncoding = 4; lastKnownFileType = sourcecode.swift; name = CategoryPresenter.swift; path = MovieDB_IOS/Scenes/CategoryViewController/CategoryPresenter.swift; sourceTree = SOURCE_ROOT; };
		07DD9675212DB21F00206642 /* MovieDetailPresenter.swift */ = {isa = PBXFileReference; fileEncoding = 4; lastKnownFileType = sourcecode.swift; name = MovieDetailPresenter.swift; path = MovieDB_IOS/Scenes/MovieDetailViewController/MovieDetailPresenter.swift; sourceTree = SOURCE_ROOT; };
		07DD9676212DB21F00206642 /* MovieDetailViewController.xib */ = {isa = PBXFileReference; fileEncoding = 4; lastKnownFileType = file.xib; name = MovieDetailViewController.xib; path = MovieDB_IOS/Scenes/MovieDetailViewController/MovieDetailViewController.xib; sourceTree = SOURCE_ROOT; };
		07DD9677212DB21F00206642 /* CastCell.swift */ = {isa = PBXFileReference; fileEncoding = 4; lastKnownFileType = sourcecode.swift; name = CastCell.swift; path = MovieDB_IOS/Scenes/MovieDetailViewController/CastCell.swift; sourceTree = SOURCE_ROOT; };
		07DD9678212DB21F00206642 /* MovieDetailViewController.swift */ = {isa = PBXFileReference; fileEncoding = 4; lastKnownFileType = sourcecode.swift; name = MovieDetailViewController.swift; path = MovieDB_IOS/Scenes/MovieDetailViewController/MovieDetailViewController.swift; sourceTree = SOURCE_ROOT; };
		07DD967E212DB24200206642 /* MovieItem.swift */ = {isa = PBXFileReference; fileEncoding = 4; lastKnownFileType = sourcecode.swift; name = MovieItem.swift; path = MovieDB_IOS/Scenes/MovieItem/MovieItem.swift; sourceTree = SOURCE_ROOT; };
		07DD967F212DB24200206642 /* MovieItem.xib */ = {isa = PBXFileReference; fileEncoding = 4; lastKnownFileType = file.xib; name = MovieItem.xib; path = MovieDB_IOS/Scenes/MovieItem/MovieItem.xib; sourceTree = SOURCE_ROOT; };
		07DD9683212DB25D00206642 /* PersonItem.swift */ = {isa = PBXFileReference; fileEncoding = 4; lastKnownFileType = sourcecode.swift; name = PersonItem.swift; path = MovieDB_IOS/Scenes/PersonItem/PersonItem.swift; sourceTree = SOURCE_ROOT; };
		07DD9684212DB25D00206642 /* PersonItem.xib */ = {isa = PBXFileReference; fileEncoding = 4; lastKnownFileType = file.xib; name = PersonItem.xib; path = MovieDB_IOS/Scenes/PersonItem/PersonItem.xib; sourceTree = SOURCE_ROOT; };
		07DD9688212DB27900206642 /* LaunchScreen.storyboard */ = {isa = PBXFileReference; fileEncoding = 4; lastKnownFileType = file.storyboard; name = LaunchScreen.storyboard; path = MovieDB_IOS/Scenes/Storyboard/LaunchScreen.storyboard; sourceTree = SOURCE_ROOT; };
		07DD9689212DB27900206642 /* Main.storyboard */ = {isa = PBXFileReference; fileEncoding = 4; lastKnownFileType = file.storyboard; name = Main.storyboard; path = MovieDB_IOS/Scenes/Storyboard/Main.storyboard; sourceTree = SOURCE_ROOT; };
		07DD968D212DB2BC00206642 /* UIViewExtension.swift */ = {isa = PBXFileReference; fileEncoding = 4; lastKnownFileType = sourcecode.swift; name = UIViewExtension.swift; path = MovieDB_IOS/Extension/UIViewExtension.swift; sourceTree = SOURCE_ROOT; };
		07DD968E212DB2BC00206642 /* UIImageViewExtension.swift */ = {isa = PBXFileReference; fileEncoding = 4; lastKnownFileType = sourcecode.swift; name = UIImageViewExtension.swift; path = MovieDB_IOS/Extension/UIImageViewExtension.swift; sourceTree = SOURCE_ROOT; };
		07DD9691212DB34700206642 /* CaseIterable.swift */ = {isa = PBXFileReference; lastKnownFileType = sourcecode.swift; path = CaseIterable.swift; sourceTree = "<group>"; };
		2BCAEBBF03B7C5D8EBA81E18 /* Pods-MovieDB_IOS.release.xcconfig */ = {isa = PBXFileReference; includeInIndex = 1; lastKnownFileType = text.xcconfig; name = "Pods-MovieDB_IOS.release.xcconfig"; path = "Pods/Target Support Files/Pods-MovieDB_IOS/Pods-MovieDB_IOS.release.xcconfig"; sourceTree = "<group>"; };
		323324ED21227F8100524F62 /* MovieCreditsResponse.swift */ = {isa = PBXFileReference; lastKnownFileType = sourcecode.swift; path = MovieCreditsResponse.swift; sourceTree = "<group>"; };
		323324F1212285F600524F62 /* MoviesOfPersonResponse.swift */ = {isa = PBXFileReference; lastKnownFileType = sourcecode.swift; path = MoviesOfPersonResponse.swift; sourceTree = "<group>"; };
		3276AD8E211E808000D3D843 /* MovieDB_IOS.app */ = {isa = PBXFileReference; explicitFileType = wrapper.application; includeInIndex = 0; path = MovieDB_IOS.app; sourceTree = BUILT_PRODUCTS_DIR; };
		3276AD91211E808000D3D843 /* AppDelegate.swift */ = {isa = PBXFileReference; lastKnownFileType = sourcecode.swift; path = AppDelegate.swift; sourceTree = "<group>"; };
		3276AD98211E808200D3D843 /* Assets.xcassets */ = {isa = PBXFileReference; lastKnownFileType = folder.assetcatalog; path = Assets.xcassets; sourceTree = "<group>"; };
		3276AD9D211E808200D3D843 /* Info.plist */ = {isa = PBXFileReference; lastKnownFileType = text.plist.xml; path = Info.plist; sourceTree = "<group>"; };
		3276ADAF211EBBEB00D3D843 /* Person.swift */ = {isa = PBXFileReference; lastKnownFileType = sourcecode.swift; path = Person.swift; sourceTree = "<group>"; };
		3276ADB1211ECA3400D3D843 /* Movie.swift */ = {isa = PBXFileReference; lastKnownFileType = sourcecode.swift; path = Movie.swift; sourceTree = "<group>"; };
		328901052122E5C80074525F /* Service.swift */ = {isa = PBXFileReference; lastKnownFileType = sourcecode.swift; path = Service.swift; sourceTree = "<group>"; };
		328901072122E6EC0074525F /* RequestMovieDB.swift */ = {isa = PBXFileReference; lastKnownFileType = sourcecode.swift; path = RequestMovieDB.swift; sourceTree = "<group>"; };
		328F0BCF212263E500BFFC21 /* BaseResponse.swift */ = {isa = PBXFileReference; lastKnownFileType = sourcecode.swift; path = BaseResponse.swift; sourceTree = "<group>"; };
		328F0BD1212264B300BFFC21 /* SearchPersonResponse.swift */ = {isa = PBXFileReference; lastKnownFileType = sourcecode.swift; path = SearchPersonResponse.swift; sourceTree = "<group>"; };
		328F0BD32122791C00BFFC21 /* MoviesResponse.swift */ = {isa = PBXFileReference; lastKnownFileType = sourcecode.swift; path = MoviesResponse.swift; sourceTree = "<group>"; };
		32A8B8F42124189F007A8431 /* RemoteRepository.swift */ = {isa = PBXFileReference; lastKnownFileType = sourcecode.swift; path = RemoteRepository.swift; sourceTree = "<group>"; };
		4E2BD38E836C3AC53C55FCF7 /* Pods_MovieDB_IOS.framework */ = {isa = PBXFileReference; explicitFileType = wrapper.framework; includeInIndex = 0; path = Pods_MovieDB_IOS.framework; sourceTree = BUILT_PRODUCTS_DIR; };
		8A5FC3FEE2216C1E703E2979 /* Pods-MovieDB_IOS.debug.xcconfig */ = {isa = PBXFileReference; includeInIndex = 1; lastKnownFileType = text.xcconfig; name = "Pods-MovieDB_IOS.debug.xcconfig"; path = "Pods/Target Support Files/Pods-MovieDB_IOS/Pods-MovieDB_IOS.debug.xcconfig"; sourceTree = "<group>"; };
/* End PBXFileReference section */

/* Begin PBXFrameworksBuildPhase section */
		3276AD8B211E808000D3D843 /* Frameworks */ = {
			isa = PBXFrameworksBuildPhase;
			buildActionMask = 2147483647;
			files = (
				76F15ECB45FE9C20779D5E37 /* Pods_MovieDB_IOS.framework in Frameworks */,
			);
			runOnlyForDeploymentPostprocessing = 0;
		};
/* End PBXFrameworksBuildPhase section */

/* Begin PBXGroup section */
		07DD9668212D864F00206642 /* Utils */ = {
			isa = PBXGroup;
			children = (
				07DD9691212DB34700206642 /* CaseIterable.swift */,
				0787F5D5212EA25C00C1926E /* Utility.swift */,
			);
			path = Utils;
			sourceTree = "<group>";
		};
		07DD966D212DB1AB00206642 /* CategoryViewController */ = {
			isa = PBXGroup;
			children = (
				07DD966E212DB1E400206642 /* CategoryCell.swift */,
				0765A789212FB9E8002B739C /* CategoryContract.swift */,
				07DD9670212DB1E400206642 /* CategoryPresenter.swift */,
				07DD966F212DB1E400206642 /* CategoryViewController.swift */,
			);
			name = CategoryViewController;
			path = "New Group";
			sourceTree = "<group>";
		};
		07DD9674212DB20100206642 /* MovieDetailViewController */ = {
			isa = PBXGroup;
			children = (
				07DD9677212DB21F00206642 /* CastCell.swift */,
				07DD9675212DB21F00206642 /* MovieDetailPresenter.swift */,
				0765A787212FB9D8002B739C /* MovieDetailContract.swift */,
				07DD9678212DB21F00206642 /* MovieDetailViewController.swift */,
				07DD9676212DB21F00206642 /* MovieDetailViewController.xib */,
			);
			name = MovieDetailViewController;
			path = "New Group1";
			sourceTree = "<group>";
		};
		07DD967D212DB22900206642 /* MovieItem */ = {
			isa = PBXGroup;
			children = (
				07DD967E212DB24200206642 /* MovieItem.swift */,
				07DD967F212DB24200206642 /* MovieItem.xib */,
			);
			name = MovieItem;
			path = "New Group2";
			sourceTree = "<group>";
		};
		07DD9682212DB24D00206642 /* PersonItem */ = {
			isa = PBXGroup;
			children = (
				07DD9683212DB25D00206642 /* PersonItem.swift */,
				07DD9684212DB25D00206642 /* PersonItem.xib */,
			);
			name = PersonItem;
			path = "New Group3";
			sourceTree = "<group>";
		};
		07DD9687212DB26200206642 /* Storyboard */ = {
			isa = PBXGroup;
			children = (
				07DD9688212DB27900206642 /* LaunchScreen.storyboard */,
				07DD9689212DB27900206642 /* Main.storyboard */,
			);
			name = Storyboard;
			path = "New Group4";
			sourceTree = "<group>";
		};
		07DD968C212DB2A600206642 /* Extension */ = {
			isa = PBXGroup;
			children = (
				07DD968E212DB2BC00206642 /* UIImageViewExtension.swift */,
				07DD968D212DB2BC00206642 /* UIViewExtension.swift */,
			);
			name = Extension;
			path = "New Group";
			sourceTree = "<group>";
		};
		3276AD85211E808000D3D843 = {
			isa = PBXGroup;
			children = (
				3276AD90211E808000D3D843 /* MovieDB_IOS */,
				3276AD8F211E808000D3D843 /* Products */,
				D62185516A7EB57415B56CBB /* Pods */,
				FB564ED775874831652682A4 /* Frameworks */,
			);
			sourceTree = "<group>";
		};
		3276AD8F211E808000D3D843 /* Products */ = {
			isa = PBXGroup;
			children = (
				3276AD8E211E808000D3D843 /* MovieDB_IOS.app */,
			);
			name = Products;
			sourceTree = "<group>";
		};
		3276AD90211E808000D3D843 /* MovieDB_IOS */ = {
			isa = PBXGroup;
			children = (
				3276AD9D211E808200D3D843 /* Info.plist */,
				3276ADA3211EB8ED00D3D843 /* Application */,
				3276ADA4211EB8FA00D3D843 /* Data */,
				32A8B8F321241835007A8431 /* Repository */,
				3276ADA6211EB91400D3D843 /* Scenes */,
				3276ADA5211EB90600D3D843 /* Resources */,
				07DD968C212DB2A600206642 /* Extension */,
				07DD9668212D864F00206642 /* Utils */,
			);
			path = MovieDB_IOS;
			sourceTree = "<group>";
		};
		3276ADA3211EB8ED00D3D843 /* Application */ = {
			isa = PBXGroup;
			children = (
				3276AD91211E808000D3D843 /* AppDelegate.swift */,
			);
			path = Application;
			sourceTree = "<group>";
		};
		3276ADA4211EB8FA00D3D843 /* Data */ = {
			isa = PBXGroup;
			children = (
				329645FC212169BD008006D1 /* Source */,
				3276ADA7211EB94900D3D843 /* Model */,
			);
			path = Data;
			sourceTree = "<group>";
		};
		3276ADA5211EB90600D3D843 /* Resources */ = {
			isa = PBXGroup;
			children = (
				3276AD98211E808200D3D843 /* Assets.xcassets */,
			);
			path = Resources;
			sourceTree = "<group>";
		};
		3276ADA6211EB91400D3D843 /* Scenes */ = {
			isa = PBXGroup;
			children = (
				07DD9687212DB26200206642 /* Storyboard */,
				07DD9682212DB24D00206642 /* PersonItem */,
				07DD967D212DB22900206642 /* MovieItem */,
				07DD9674212DB20100206642 /* MovieDetailViewController */,
				07DD966D212DB1AB00206642 /* CategoryViewController */,
			);
			path = Scenes;
			sourceTree = "<group>";
		};
		3276ADA7211EB94900D3D843 /* Model */ = {
			isa = PBXGroup;
			children = (
				07DD966B212DB14C00206642 /* MovieCategory.swift */,
				3276ADAF211EBBEB00D3D843 /* Person.swift */,
				3276ADB1211ECA3400D3D843 /* Movie.swift */,
			);
			path = Model;
			sourceTree = "<group>";
		};
		329645FC212169BD008006D1 /* Source */ = {
			isa = PBXGroup;
			children = (
				329645FE212169D8008006D1 /* Remote */,
				329645FD212169C8008006D1 /* Local */,
			);
			path = Source;
			sourceTree = "<group>";
		};
		329645FD212169C8008006D1 /* Local */ = {
			isa = PBXGroup;
			children = (
			);
			path = Local;
			sourceTree = "<group>";
		};
		329645FE212169D8008006D1 /* Remote */ = {
			isa = PBXGroup;
			children = (
				329646082121929A008006D1 /* API */,
				329646072121928D008006D1 /* Service */,
			);
			path = Remote;
			sourceTree = "<group>";
		};
		329645FF212169DF008006D1 /* Request */ = {
			isa = PBXGroup;
			children = (
				328901072122E6EC0074525F /* RequestMovieDB.swift */,
			);
			path = Request;
			sourceTree = "<group>";
		};
		32964600212169E7008006D1 /* Response */ = {
			isa = PBXGroup;
			children = (
				328F0BCF212263E500BFFC21 /* BaseResponse.swift */,
				328F0BD32122791C00BFFC21 /* MoviesResponse.swift */,
				328F0BD1212264B300BFFC21 /* SearchPersonResponse.swift */,
				323324ED21227F8100524F62 /* MovieCreditsResponse.swift */,
				323324F1212285F600524F62 /* MoviesOfPersonResponse.swift */,
			);
			path = Response;
			sourceTree = "<group>";
		};
		32964601212169F1008006D1 /* Error */ = {
			isa = PBXGroup;
			children = (
			);
			path = Error;
			sourceTree = "<group>";
		};
		329646072121928D008006D1 /* Service */ = {
			isa = PBXGroup;
			children = (
				328901052122E5C80074525F /* Service.swift */,
			);
			path = Service;
			sourceTree = "<group>";
		};
		329646082121929A008006D1 /* API */ = {
			isa = PBXGroup;
			children = (
				32964600212169E7008006D1 /* Response */,
				329645FF212169DF008006D1 /* Request */,
				32964601212169F1008006D1 /* Error */,
			);
			path = API;
			sourceTree = "<group>";
		};
		32A8B8F321241835007A8431 /* Repository */ = {
			isa = PBXGroup;
			children = (
				32A8B8F42124189F007A8431 /* RemoteRepository.swift */,
			);
			path = Repository;
			sourceTree = "<group>";
		};
		D62185516A7EB57415B56CBB /* Pods */ = {
			isa = PBXGroup;
			children = (
				8A5FC3FEE2216C1E703E2979 /* Pods-MovieDB_IOS.debug.xcconfig */,
				2BCAEBBF03B7C5D8EBA81E18 /* Pods-MovieDB_IOS.release.xcconfig */,
			);
			name = Pods;
			sourceTree = "<group>";
		};
		FB564ED775874831652682A4 /* Frameworks */ = {
			isa = PBXGroup;
			children = (
				4E2BD38E836C3AC53C55FCF7 /* Pods_MovieDB_IOS.framework */,
			);
			name = Frameworks;
			sourceTree = "<group>";
		};
/* End PBXGroup section */

/* Begin PBXNativeTarget section */
		3276AD8D211E808000D3D843 /* MovieDB_IOS */ = {
			isa = PBXNativeTarget;
			buildConfigurationList = 3276ADA0211E808200D3D843 /* Build configuration list for PBXNativeTarget "MovieDB_IOS" */;
			buildPhases = (
				BB97AC17606ED706CC9F6989 /* [CP] Check Pods Manifest.lock */,
				3296460521218F74008006D1 /* ShellScript */,
				3276AD8A211E808000D3D843 /* Sources */,
				3276AD8B211E808000D3D843 /* Frameworks */,
				3276AD8C211E808000D3D843 /* Resources */,
				77879D76E7678B8593A3EBE8 /* [CP] Embed Pods Frameworks */,
			);
			buildRules = (
			);
			dependencies = (
			);
			name = MovieDB_IOS;
			productName = MovieDB_IOS;
			productReference = 3276AD8E211E808000D3D843 /* MovieDB_IOS.app */;
			productType = "com.apple.product-type.application";
		};
/* End PBXNativeTarget section */

/* Begin PBXProject section */
		3276AD86211E808000D3D843 /* Project object */ = {
			isa = PBXProject;
			attributes = {
				LastSwiftUpdateCheck = 0940;
				LastUpgradeCheck = 0940;
				ORGANIZATIONNAME = ThinhLe;
				TargetAttributes = {
					3276AD8D211E808000D3D843 = {
						CreatedOnToolsVersion = 9.4.1;
					};
				};
			};
			buildConfigurationList = 3276AD89211E808000D3D843 /* Build configuration list for PBXProject "MovieDB_IOS" */;
			compatibilityVersion = "Xcode 9.3";
			developmentRegion = en;
			hasScannedForEncodings = 0;
			knownRegions = (
				en,
				Base,
			);
			mainGroup = 3276AD85211E808000D3D843;
			productRefGroup = 3276AD8F211E808000D3D843 /* Products */;
			projectDirPath = "";
			projectRoot = "";
			targets = (
				3276AD8D211E808000D3D843 /* MovieDB_IOS */,
			);
		};
/* End PBXProject section */

/* Begin PBXResourcesBuildPhase section */
		3276AD8C211E808000D3D843 /* Resources */ = {
			isa = PBXResourcesBuildPhase;
			buildActionMask = 2147483647;
			files = (
				07DD9681212DB24200206642 /* MovieItem.xib in Resources */,
				07DD9686212DB25D00206642 /* PersonItem.xib in Resources */,
				07DD967A212DB21F00206642 /* MovieDetailViewController.xib in Resources */,
				07DD968B212DB27900206642 /* Main.storyboard in Resources */,
				07DD968A212DB27900206642 /* LaunchScreen.storyboard in Resources */,
				3276AD99211E808200D3D843 /* Assets.xcassets in Resources */,
			);
			runOnlyForDeploymentPostprocessing = 0;
		};
/* End PBXResourcesBuildPhase section */

/* Begin PBXShellScriptBuildPhase section */
		3296460521218F74008006D1 /* ShellScript */ = {
			isa = PBXShellScriptBuildPhase;
			buildActionMask = 2147483647;
			files = (
			);
			inputPaths = (
			);
			outputPaths = (
			);
			runOnlyForDeploymentPostprocessing = 0;
			shellPath = /bin/sh;
			shellScript = "\"${PODS_ROOT}/SwiftLint/swiftlint\"";
		};
		77879D76E7678B8593A3EBE8 /* [CP] Embed Pods Frameworks */ = {
			isa = PBXShellScriptBuildPhase;
			buildActionMask = 2147483647;
			files = (
			);
			inputPaths = (
				"${SRCROOT}/Pods/Target Support Files/Pods-MovieDB_IOS/Pods-MovieDB_IOS-frameworks.sh",
				"${BUILT_PRODUCTS_DIR}/Cosmos/Cosmos.framework",
				"${BUILT_PRODUCTS_DIR}/ObjectMapper/ObjectMapper.framework",
				"${BUILT_PRODUCTS_DIR}/RxSwift/RxSwift.framework",
			);
			name = "[CP] Embed Pods Frameworks";
			outputPaths = (
				"${TARGET_BUILD_DIR}/${FRAMEWORKS_FOLDER_PATH}/Cosmos.framework",
				"${TARGET_BUILD_DIR}/${FRAMEWORKS_FOLDER_PATH}/ObjectMapper.framework",
				"${TARGET_BUILD_DIR}/${FRAMEWORKS_FOLDER_PATH}/RxSwift.framework",
			);
			runOnlyForDeploymentPostprocessing = 0;
			shellPath = /bin/sh;
			shellScript = "\"${SRCROOT}/Pods/Target Support Files/Pods-MovieDB_IOS/Pods-MovieDB_IOS-frameworks.sh\"\n";
			showEnvVarsInLog = 0;
		};
		BB97AC17606ED706CC9F6989 /* [CP] Check Pods Manifest.lock */ = {
			isa = PBXShellScriptBuildPhase;
			buildActionMask = 2147483647;
			files = (
			);
			inputPaths = (
				"${PODS_PODFILE_DIR_PATH}/Podfile.lock",
				"${PODS_ROOT}/Manifest.lock",
			);
			name = "[CP] Check Pods Manifest.lock";
			outputPaths = (
				"$(DERIVED_FILE_DIR)/Pods-MovieDB_IOS-checkManifestLockResult.txt",
			);
			runOnlyForDeploymentPostprocessing = 0;
			shellPath = /bin/sh;
			shellScript = "diff \"${PODS_PODFILE_DIR_PATH}/Podfile.lock\" \"${PODS_ROOT}/Manifest.lock\" > /dev/null\nif [ $? != 0 ] ; then\n    # print error to STDERR\n    echo \"error: The sandbox is not in sync with the Podfile.lock. Run 'pod install' or update your CocoaPods installation.\" >&2\n    exit 1\nfi\n# This output is used by Xcode 'outputs' to avoid re-running this script phase.\necho \"SUCCESS\" > \"${SCRIPT_OUTPUT_FILE_0}\"\n";
			showEnvVarsInLog = 0;
		};
/* End PBXShellScriptBuildPhase section */

/* Begin PBXSourcesBuildPhase section */
		3276AD8A211E808000D3D843 /* Sources */ = {
			isa = PBXSourcesBuildPhase;
			buildActionMask = 2147483647;
			files = (
				07DD9679212DB21F00206642 /* MovieDetailPresenter.swift in Sources */,
				07DD9671212DB1E400206642 /* CategoryCell.swift in Sources */,
				07DD9680212DB24200206642 /* MovieItem.swift in Sources */,
				07DD9673212DB1E400206642 /* CategoryPresenter.swift in Sources */,
				07DD9692212DB34700206642 /* CaseIterable.swift in Sources */,
				328F0BD2212264B300BFFC21 /* SearchPersonResponse.swift in Sources */,
				07DD9672212DB1E400206642 /* CategoryViewController.swift in Sources */,
				07DD9690212DB2BC00206642 /* UIImageViewExtension.swift in Sources */,
				32A8B8F52124189F007A8431 /* RemoteRepository.swift in Sources */,
				328F0BD42122791C00BFFC21 /* MoviesResponse.swift in Sources */,
				3276ADB0211EBBEB00D3D843 /* Person.swift in Sources */,
				323324F2212285F600524F62 /* MoviesOfPersonResponse.swift in Sources */,
				328901062122E5C80074525F /* Service.swift in Sources */,
				328901082122E6EC0074525F /* RequestMovieDB.swift in Sources */,
				07DD967B212DB21F00206642 /* CastCell.swift in Sources */,
				07DD9685212DB25D00206642 /* PersonItem.swift in Sources */,
				07DD966C212DB14C00206642 /* MovieCategory.swift in Sources */,
				3276ADB2211ECA3400D3D843 /* Movie.swift in Sources */,
				328F0BD0212263E500BFFC21 /* BaseResponse.swift in Sources */,
				0765A78A212FB9E8002B739C /* CategoryContract.swift in Sources */,
				3276AD92211E808000D3D843 /* AppDelegate.swift in Sources */,
				0787F5D6212EA25C00C1926E /* Utility.swift in Sources */,
				0765A788212FB9D8002B739C /* MovieDetailContract.swift in Sources */,
				07DD968F212DB2BC00206642 /* UIViewExtension.swift in Sources */,
				07DD967C212DB21F00206642 /* MovieDetailViewController.swift in Sources */,
				323324EE21227F8100524F62 /* MovieCreditsResponse.swift in Sources */,
			);
			runOnlyForDeploymentPostprocessing = 0;
		};
/* End PBXSourcesBuildPhase section */

/* Begin XCBuildConfiguration section */
		3276AD9E211E808200D3D843 /* Debug */ = {
			isa = XCBuildConfiguration;
			buildSettings = {
				ALWAYS_SEARCH_USER_PATHS = NO;
				CLANG_ANALYZER_NONNULL = YES;
				CLANG_ANALYZER_NUMBER_OBJECT_CONVERSION = YES_AGGRESSIVE;
				CLANG_CXX_LANGUAGE_STANDARD = "gnu++14";
				CLANG_CXX_LIBRARY = "libc++";
				CLANG_ENABLE_MODULES = YES;
				CLANG_ENABLE_OBJC_ARC = YES;
				CLANG_ENABLE_OBJC_WEAK = YES;
				CLANG_WARN_BLOCK_CAPTURE_AUTORELEASING = YES;
				CLANG_WARN_BOOL_CONVERSION = YES;
				CLANG_WARN_COMMA = YES;
				CLANG_WARN_CONSTANT_CONVERSION = YES;
				CLANG_WARN_DEPRECATED_OBJC_IMPLEMENTATIONS = YES;
				CLANG_WARN_DIRECT_OBJC_ISA_USAGE = YES_ERROR;
				CLANG_WARN_DOCUMENTATION_COMMENTS = YES;
				CLANG_WARN_EMPTY_BODY = YES;
				CLANG_WARN_ENUM_CONVERSION = YES;
				CLANG_WARN_INFINITE_RECURSION = YES;
				CLANG_WARN_INT_CONVERSION = YES;
				CLANG_WARN_NON_LITERAL_NULL_CONVERSION = YES;
				CLANG_WARN_OBJC_IMPLICIT_RETAIN_SELF = YES;
				CLANG_WARN_OBJC_LITERAL_CONVERSION = YES;
				CLANG_WARN_OBJC_ROOT_CLASS = YES_ERROR;
				CLANG_WARN_RANGE_LOOP_ANALYSIS = YES;
				CLANG_WARN_STRICT_PROTOTYPES = YES;
				CLANG_WARN_SUSPICIOUS_MOVE = YES;
				CLANG_WARN_UNGUARDED_AVAILABILITY = YES_AGGRESSIVE;
				CLANG_WARN_UNREACHABLE_CODE = YES;
				CLANG_WARN__DUPLICATE_METHOD_MATCH = YES;
				CODE_SIGN_IDENTITY = "iPhone Developer";
				COPY_PHASE_STRIP = NO;
				DEBUG_INFORMATION_FORMAT = dwarf;
				ENABLE_STRICT_OBJC_MSGSEND = YES;
				ENABLE_TESTABILITY = YES;
				GCC_C_LANGUAGE_STANDARD = gnu11;
				GCC_DYNAMIC_NO_PIC = NO;
				GCC_NO_COMMON_BLOCKS = YES;
				GCC_OPTIMIZATION_LEVEL = 0;
				GCC_PREPROCESSOR_DEFINITIONS = (
					"DEBUG=1",
					"$(inherited)",
				);
				GCC_WARN_64_TO_32_BIT_CONVERSION = YES;
				GCC_WARN_ABOUT_RETURN_TYPE = YES_ERROR;
				GCC_WARN_UNDECLARED_SELECTOR = YES;
				GCC_WARN_UNINITIALIZED_AUTOS = YES_AGGRESSIVE;
				GCC_WARN_UNUSED_FUNCTION = YES;
				GCC_WARN_UNUSED_VARIABLE = YES;
				IPHONEOS_DEPLOYMENT_TARGET = 11.4;
				MTL_ENABLE_DEBUG_INFO = YES;
				ONLY_ACTIVE_ARCH = YES;
				SDKROOT = iphoneos;
				SWIFT_ACTIVE_COMPILATION_CONDITIONS = DEBUG;
				SWIFT_OPTIMIZATION_LEVEL = "-Onone";
			};
			name = Debug;
		};
		3276AD9F211E808200D3D843 /* Release */ = {
			isa = XCBuildConfiguration;
			buildSettings = {
				ALWAYS_SEARCH_USER_PATHS = NO;
				CLANG_ANALYZER_NONNULL = YES;
				CLANG_ANALYZER_NUMBER_OBJECT_CONVERSION = YES_AGGRESSIVE;
				CLANG_CXX_LANGUAGE_STANDARD = "gnu++14";
				CLANG_CXX_LIBRARY = "libc++";
				CLANG_ENABLE_MODULES = YES;
				CLANG_ENABLE_OBJC_ARC = YES;
				CLANG_ENABLE_OBJC_WEAK = YES;
				CLANG_WARN_BLOCK_CAPTURE_AUTORELEASING = YES;
				CLANG_WARN_BOOL_CONVERSION = YES;
				CLANG_WARN_COMMA = YES;
				CLANG_WARN_CONSTANT_CONVERSION = YES;
				CLANG_WARN_DEPRECATED_OBJC_IMPLEMENTATIONS = YES;
				CLANG_WARN_DIRECT_OBJC_ISA_USAGE = YES_ERROR;
				CLANG_WARN_DOCUMENTATION_COMMENTS = YES;
				CLANG_WARN_EMPTY_BODY = YES;
				CLANG_WARN_ENUM_CONVERSION = YES;
				CLANG_WARN_INFINITE_RECURSION = YES;
				CLANG_WARN_INT_CONVERSION = YES;
				CLANG_WARN_NON_LITERAL_NULL_CONVERSION = YES;
				CLANG_WARN_OBJC_IMPLICIT_RETAIN_SELF = YES;
				CLANG_WARN_OBJC_LITERAL_CONVERSION = YES;
				CLANG_WARN_OBJC_ROOT_CLASS = YES_ERROR;
				CLANG_WARN_RANGE_LOOP_ANALYSIS = YES;
				CLANG_WARN_STRICT_PROTOTYPES = YES;
				CLANG_WARN_SUSPICIOUS_MOVE = YES;
				CLANG_WARN_UNGUARDED_AVAILABILITY = YES_AGGRESSIVE;
				CLANG_WARN_UNREACHABLE_CODE = YES;
				CLANG_WARN__DUPLICATE_METHOD_MATCH = YES;
				CODE_SIGN_IDENTITY = "iPhone Developer";
				COPY_PHASE_STRIP = NO;
				DEBUG_INFORMATION_FORMAT = "dwarf-with-dsym";
				ENABLE_NS_ASSERTIONS = NO;
				ENABLE_STRICT_OBJC_MSGSEND = YES;
				GCC_C_LANGUAGE_STANDARD = gnu11;
				GCC_NO_COMMON_BLOCKS = YES;
				GCC_WARN_64_TO_32_BIT_CONVERSION = YES;
				GCC_WARN_ABOUT_RETURN_TYPE = YES_ERROR;
				GCC_WARN_UNDECLARED_SELECTOR = YES;
				GCC_WARN_UNINITIALIZED_AUTOS = YES_AGGRESSIVE;
				GCC_WARN_UNUSED_FUNCTION = YES;
				GCC_WARN_UNUSED_VARIABLE = YES;
				IPHONEOS_DEPLOYMENT_TARGET = 11.4;
				MTL_ENABLE_DEBUG_INFO = NO;
				SDKROOT = iphoneos;
				SWIFT_COMPILATION_MODE = wholemodule;
				SWIFT_OPTIMIZATION_LEVEL = "-O";
				VALIDATE_PRODUCT = YES;
			};
			name = Release;
		};
		3276ADA1211E808200D3D843 /* Debug */ = {
			isa = XCBuildConfiguration;
			baseConfigurationReference = 8A5FC3FEE2216C1E703E2979 /* Pods-MovieDB_IOS.debug.xcconfig */;
			buildSettings = {
				ASSETCATALOG_COMPILER_APPICON_NAME = AppIcon;
				CODE_SIGN_IDENTITY = "iPhone Developer";
				CODE_SIGN_STYLE = Automatic;
				DEVELOPMENT_TEAM = Z2S78UX6KB;
				INFOPLIST_FILE = MovieDB_IOS/Info.plist;
				LD_RUNPATH_SEARCH_PATHS = (
					"$(inherited)",
					"@executable_path/Frameworks",
				);
				PRODUCT_BUNDLE_IDENTIFIER = "ThinhLe.MovieDB-IOS";
				PRODUCT_NAME = "$(TARGET_NAME)";
				PROVISIONING_PROFILE_SPECIFIER = "";
				SWIFT_VERSION = 4.0;
				TARGETED_DEVICE_FAMILY = "1,2";
			};
			name = Debug;
		};
		3276ADA2211E808200D3D843 /* Release */ = {
			isa = XCBuildConfiguration;
			baseConfigurationReference = 2BCAEBBF03B7C5D8EBA81E18 /* Pods-MovieDB_IOS.release.xcconfig */;
			buildSettings = {
				ASSETCATALOG_COMPILER_APPICON_NAME = AppIcon;
				CODE_SIGN_IDENTITY = "iPhone Developer";
				CODE_SIGN_STYLE = Automatic;
				DEVELOPMENT_TEAM = Z2S78UX6KB;
				INFOPLIST_FILE = MovieDB_IOS/Info.plist;
				LD_RUNPATH_SEARCH_PATHS = (
					"$(inherited)",
					"@executable_path/Frameworks",
				);
				PRODUCT_BUNDLE_IDENTIFIER = "ThinhLe.MovieDB-IOS";
				PRODUCT_NAME = "$(TARGET_NAME)";
				PROVISIONING_PROFILE_SPECIFIER = "";
				SWIFT_VERSION = 4.0;
				TARGETED_DEVICE_FAMILY = "1,2";
			};
			name = Release;
		};
/* End XCBuildConfiguration section */

/* Begin XCConfigurationList section */
		3276AD89211E808000D3D843 /* Build configuration list for PBXProject "MovieDB_IOS" */ = {
			isa = XCConfigurationList;
			buildConfigurations = (
				3276AD9E211E808200D3D843 /* Debug */,
				3276AD9F211E808200D3D843 /* Release */,
			);
			defaultConfigurationIsVisible = 0;
			defaultConfigurationName = Release;
		};
		3276ADA0211E808200D3D843 /* Build configuration list for PBXNativeTarget "MovieDB_IOS" */ = {
			isa = XCConfigurationList;
			buildConfigurations = (
				3276ADA1211E808200D3D843 /* Debug */,
				3276ADA2211E808200D3D843 /* Release */,
			);
			defaultConfigurationIsVisible = 0;
			defaultConfigurationName = Release;
		};
/* End XCConfigurationList section */
	};
	rootObject = 3276AD86211E808000D3D843 /* Project object */;
}
